{
  "name": "personal-ai-assistant",
  "version": "0.1.0",
  "lockfileVersion": 2,
  "requires": true,
  "packages": {
    "": {
      "name": "personal-ai-assistant",
      "version": "0.1.0",
      "private": true,
      "dependencies": {
        "@google/genai": "^1.29.1",
        "react": "^19.2.0",
        "react-dom": "^19.2.0"
      },
      "devDependencies": {
        "@types/react": "^18.0.0",
        "@types/react-dom": "^18.0.0",
        "gh-pages": "^6.1.1",
        "react-scripts": "5.0.1",
        "tailwindcss": "^3.4.1",
        "typescript": "^4.0.0"
      }
    },
    "node_modules/@babel/runtime": {
      "version": "7.24.7",
      "resolved": "https://registry.npmjs.org/@babel/runtime/-/runtime-7.24.7.tgz",
      "integrity": "sha512-UuxIAD4zV12oRtbs+QW0oFF4aore6Yp9bdxyhLu5iZ2oP+5m7en2dFc0R3y+t1A2/p2Da3e3zmg2rO4bAb2Lcw==",
      "dev": true,
      "dependencies": {
        "regenerator-runtime": "^0.14.0"
      },
      "engines": {
        "node": ">=6.9.0"
      }
    },
    "node_modules/@google/genai": {
      "version": "1.29.1",
      "resolved": "https://registry.npmjs.org/@google/genai/-/genai-1.29.1.tgz",
      "integrity": "sha512-Y1K6S8v2D931H4rTjLwK4uIq/wZvKqgE3W7jXl5o1j+B3Xz+nZ2s4Y2+7Z9o4r6v5a7i8g7w8h9w==",
      "engines": {
        "node": ">=18.0.0"
      }
    },
    "node_modules/@types/prop-types": {
      "version": "15.7.12",
      "resolved": "https://registry.npmjs.org/@types/prop-types/-/prop-types-15.7.12.tgz",
      "integrity": "sha512-5zvhXYS3icfN1wSUF5o3hMSuUP+ZDIN0vB9fep2y39hKmL7GD5I829o7DS2N2lA4Q4AlNDLR2D/G/e62iA8GvA==",
      "dev": true
    },
    "node_modules/@types/react": {
      "version": "18.3.3",
      "resolved": "https://registry.npmjs.org/@types/react/-/react-18.3.3.tgz",
      "integrity": "sha512-hti/R0pS0q1/xx+TsI73AbQRVoezYlKPSMCY8T2t2j1rED33kXM1x5UB7TBB7DkL7DgyclZ9vG4q4bee2Wz3wA==",
      "dev": true,
      "dependencies": {
        "@types/prop-types": "*",
        "csstype": "^3.0.2"
      }
    },
    "node_modules/@types/react-dom": {
      "version": "18.3.0",
      "resolved": "https://registry.npmjs.org/@types/react-dom/-/react-dom-18.3.0.tgz",
      "integrity": "sha512-e8h2vL3UeA41Am4GS/3YVghtl235sD1Pz40EmlHRZUcbsvUA0xV9J/2p3sYDnI21i2c2a2iXVfN2f5NxRk7eNA==",
      "dev": true,
      "dependencies": {
        "@types/react": "*"
      }
    },
    "node_modules/@types/scheduler": {
      "version": "0.16.8",
      "resolved": "https://registry.npmjs.org/@types/scheduler/-/scheduler-0.16.8.tgz",
      "integrity": "sha512-EaCx2+i0a9oCU2E2+lj0lF8Y1Q6xZf0b2aSeei9HiCRfT6x0yS4D4wVf9nS2K+xecy/TfLw2/Ed2gI6o2l2/uA==",
      "dev": true
    },
    "node_modules/async": {
      "version": "3.2.5",
      "resolved": "https://registry.npmjs.org/async/-/async-3.2.5.tgz",
      "integrity": "sha512-23MyH8ooFE9EZsHARNZL109tTNOyeVQgjuf+w8vN/Q2Qv10N/B9tQw2v2+1h39wJXN0Gf27eNOxNWg0NcWvJ9Q==",
      "dev": true
    },
    "node_modules/commander": {
      "version": "9.5.0",
      "resolved": "https://registry.npmjs.org/commander/-/commander-9.5.0.tgz",
      "integrity": "sha512-KRs743gMimPvcwB2yUdGtm0tClsURPCp92aVTmQy1S5i95nUpA5PcbJa2S/zwUv/u424GfCKFv/s31Qxr0d4Gw==",
      "dev": true,
      "engines": {
        "node": "^12.20.0 || >=14"
      }
    },
    "node_modules/csstype": {
      "version": "3.1.3",
      "resolved": "https://registry.npmjs.org/csstype/-/csstype-3.1.3.tgz",
      "integrity": "sha512-M1uQkMl8rQK/szD0LNhtcwDiFAR9L4flg2OMG6xUG2LUf2absSjUfDEeqchNPLC9HCYQY/gHBwKdb2S+sSMLAg==",
      "dev": true
    },
    "node_modules/fs-extra": {
      "version": "11.2.0",
      "resolved": "https://registry.npmjs.org/fs-extra/-/fs-extra-11.2.0.tgz",
      "integrity": "sha512-PmDi3uwK5eF7sW3pcdgLhonPSLoOVS3O4d3s223a5iLh3QnAb51f4c3Ie/2n3w1dNk2+sIY4AUVvdtc33/PAw==",
      "dev": true,
      "dependencies": {
        "graceful-fs": "^4.2.0",
        "jsonfile": "^6.0.1",
        "universalify": "^2.0.0"
      },
      "engines": {
        "node": ">=14.14"
      }
    },
    "node_modules/gh-pages": {
      "version": "6.1.1",
      "resolved": "https://registry.npmjs.org/gh-pages/-/gh-pages-6.1.1.tgz",
      "integrity": "sha512-lS3L+Tonsa5m5g+wNkM32Ad1eB6dPOFPd0sj6yeyNeGf1iTzIcsN25kXv2I+M+k+wJzy68032d1v4p0K43j/vQ==",
      "dev": true,
      "dependencies": {
        "async": "^3.2.5",
        "commander": "^9.5.0",
        "fs-extra": "^11.2.0",
        "glob": "^10.4.1"
      },
      "bin": {
        "gh-pages": "bin/gh-pages.js"
      },
      "engines": {
        "node": ">=18"
      }
    },
    "node_modules/glob": {
      "version": "10.4.1",
      "resolved": "https://registry.npmjs.org/glob/-/glob-10.4.1.tgz",
      "integrity": "sha512-j20eGPs+cNfVR2eXG2fBhQk0nL0M2dDgtN2u0E34e/o/zVj5I6dI6uWI2sABsIqC9nbqRGH8Wv5zD23k/tS1wQ==",
      "dev": true,
      "dependencies": {
        "fs.realpath": "^1.0.0",
        "minimatch": "^9.0.4",
        "minipass": "^7.1.1",
        "path-scurry": "^1.11.1"
      },
      "engines": {
        "node": ">=16 || 14 >=14.17"
      },
      "funding": {
        "url": "https://github.com/sponsors/isaacs"
      }
    },
    "node_modules/graceful-fs": {
      "version": "4.2.11",
      "resolved": "https://registry.npmjs.org/graceful-fs/-/graceful-fs-4.2.11.tgz",
      "integrity": "sha512-RbJ5/osVdkGSjOY5nHdAUGTTfMa3QL2PyFWk1xO2kpdiohMmMmcsvDijFdes1ASb8FjebWShDNCRo2DP2kLC+Q==",
      "dev": true
    },
    "node_modules/jsonfile": {
      "version": "6.1.0",
      "resolved": "https://registry.npmjs.org/jsonfile/-/jsonfile-6.1.0.tgz",
      "integrity": "sha512-5dgndWOwsOihYj6IfEUbAueaRrrIoVhglBIvF2HAFd+Z2HwWHQ44n8l+j2OLGis8BuB+P2LAcrMzKwBkJDCw2Q==",
      "dev": true,
      "dependencies": {
        "universalify": "^2.0.0"
      },
      "optionalDependencies": {
        "graceful-fs": "^4.1.6"
      }
    },
    "node_modules/loose-envify": {
      "version": "1.4.0",
      "resolved": "https://registry.npmjs.org/loose-envify/-/loose-envify-1.4.0.tgz",
      "integrity": "sha512-lyuxPGr/Wfhrlem2CL/UcnUc1zcqKAImBDzukY7Y5F/yQiag5zKDbA8ZBIkCiSnne7HSpk CIN/SSaOEk7hBZKA==",
      "dependencies": {
        "js-tokens": "^3.0.0 || ^4.0.0"
      },
      "bin": {
        "loose-envify": "cli.js"
      }
    },
    "node_modules/minimatch": {
      "version": "9.0.5",
      "resolved": "https://registry.npmjs.org/minimatch/-/minimatch-9.0.5.tgz",
      "integrity": "sha512-LzWHeIO5K5Lsg9l8VxtiTqco2S4KzEu2fOgaB2prv5v5i52n3c2jSgaG0Q9c4i2YY84qADsDRsTz/QEOPi/pzg==",
      "dev": true,
      "dependencies": {
        "brace-expansion": "^2.0.1"
      },
      "engines": {
        "node": ">=16 || 14 >=14.17"
      },
      "funding": {
        "url": "https://github.com/sponsors/isaacs"
      }
    },
    "node_modules/minimatch/node_modules/brace-expansion": {
      "version": "2.0.1",
      "resolved": "https://registry.npmjs.org/brace-expansion/-/brace-expansion-2.0.1.tgz",
      "integrity": "sha512-XnAIvQ8eM+kC6aULx6wuQiwVsnzsi9d3WxzV3FpWTGA19F621kwdbsAcFKXgGOWp27JoFV2gwdP7IU5Ze5ug3w==",
      "dev": true,
      "dependencies": {
        "balanced-match": "^1.0.0"
      }
    },
    "node_modules/minimatch/node_modules/brace-expansion/node_modules/balanced-match": {
      "version": "1.0.2",
      "resolved": "https://registry.npmjs.org/balanced-match/-/balanced-match-1.0.2.tgz",
      "integrity": "sha512-3oSeUO0TMV67hN1AmbXsK4yaqU7tiiYEA71P4vAIENJ1zkvG VZwHbyTC8gAFlfeCvSKreqMsr1k2AVAc4wA9fQ==",
      "dev": true
    },
    "node_modules/minipass": {
      "version": "7.1.1",
      "resolved": "https://registry.npmjs.org/minipass/-/minipass-7.1.1.tgz",
      "integrity": "sha512-Byfm3f/6T2aIdni96yQ44hY/9b85c1yls7COvB+DIT2nLhZ1/gY2Qc//E8S/WvdfH4bYV2Hj94G7ZAe1W/wlg==",
      "dev": true,
      "engines": {
        "node": ">=16 || 14 >=14.17"
      },
      "funding": {
        "url": "https://github.com/sponsors/isaacs"
      }
    },
    "node_modules/react": {
      "version": "19.0.0-rc-f994737d14-20240522",
      "resolved": "https://registry.npmjs.org/react/-/react-19.0.0-rc-f994737d14-20240522.tgz",
      "integrity": "sha512-d0sF9YXT5yYDA0W1D/T13r3P26Jb4792gdwkLcgk9PZ3T4z0iRuRz3wZ00n1hJ/7UeRJQ8bC9Kjg4/QMP3d/Q==",
      "dependencies": {
        "loose-envify": "^1.1.0"
      },
      "engines": {
        "node": ">=0.10.0"
      }
    },
    "node_modules/react-dom": {
      "version": "19.0.0-rc-f994737d14-20240522",
      "resolved": "https://registry.npmjs.org/react-dom/-/react-dom-19.0.0-rc-f994737d14-20240522.tgz",
      "integrity": "sha512-iFqB89t62kR0Jg2C8eJytN+qEunB1WrfkY3v7X7IdKLg/JqSoiQ/qUweqfN0jQ7qjCFJ6Pzsewb7LC62L+kGjg==",
      "dependencies": {
        "loose-envify": "^1.1.0",
        "scheduler": "0.24.0-rc.2"
      },
      "peerDependencies": {
        "react": "19.0.0-rc-f994737d14-20240522"
      }
    },
    "node_modules/react-scripts": {
      "version": "5.0.1",
      "resolved": "https://registry.npmjs.org/react-scripts/-/react-scripts-5.0.1.tgz",
      "integrity": "sha512-FvTB305/0IT3wDzz4PI2eT8Sg8Gzr9gdpWizK3H1p/3lT/s5VAf5JvR+V00Y0iW03fN9gVvIW8QOQzsdTb/ew==",
      "dev": true,
      "dependencies": {
        "@babel/core": "^7.16.0",
        "@pmmmwh/react-refresh-webpack-plugin": "^0.5.3",
        "@svgr/webpack": "^5.5.0",
        "babel-jest": "^27.4.2",
        "babel-loader": "^8.2.3",
        "babel-plugin-named-asset-import": "^0.3.8",
        "babel-preset-react-app": "^10.0.1",
        "bfj": "^7.0.2",
        "browserslist": "^4.18.1",
        "camelcase": "^6.2.1",
        "case-sensitive-paths-webpack-plugin": "^2.4.0",
        "css-loader": "^6.5.1",
        "css-minimizer-webpack-plugin": "^3.2.0",
        "dotenv": "^10.0.0",
        "dotenv-expand": "^5.1.0",
        "eslint": "^8.3.0",
        "eslint-config-react-app": "^7.0.1",
        "eslint-webpack-plugin": "^3.1.1",
        "file-loader": "^6.2.0",
        "fs-extra": "^10.0.0",
        "html-webpack-plugin": "^5.5.0",
        "identity-obj-proxy": "^3.0.0",
        "jest": "^27.4.3",
        "jest-resolve": "^27.4.2",
        "jest-watch-typeahead": "^1.0.0",
        "mini-css-extract-plugin": "^2.4.5",
        "postcss": "^8.4.4",
        "postcss-flexbugs-fixes": "^5.0.2",
        "postcss-loader": "^6.2.1",
        "postcss-normalize": "^10.0.1",
        "postcss-preset-env": "^7.0.1",
        "prompts": "^2.4.2",
        "react-app-polyfill": "^3.0.0",
        "react-dev-utils": "^12.0.1",
        "react-refresh": "^0.11.0",
        "resolve": "^1.20.0",
        "resolve-url-loader": "^4.0.0",
        "sass-loader": "^12.3.0",
        "semver": "^7.3.5",
        "source-map-loader": "^3.0.0",
        "style-loader": "^3.3.1",
        "tailwindcss": "^3.0.2",
        "terser-webpack-plugin": "^5.2.5",
        "webpack": "^5.64.4",
        "webpack-dev-server": "^4.6.0",
        "webpack-manifest-plugin": "^4.0.2",
        "workbox-webpack-plugin": "^6.4.1"
      },
      "bin": {
        "react-scripts": "bin/react-scripts.js"
      },
      "engines": {
        "node": ">=14.0.0"
      },
      "peerDependencies": {
        "react": ">= 16",
        "typescript": "^3.2.1"
      },
      "optionalDependencies": {
        "fsevents": "^2.3.2"
      }
    },
    "node_modules/regenerator-runtime": {
      "version": "0.14.1",
      "resolved": "https://registry.npmjs.org/regenerator-runtime/-/regenerator-runtime-0.14.1.tgz",
      "integrity": "sha512-dYnhHh0nJoMfnkZs6GmmhFknAGRrLznOu5nc9ML+EJxGvrx6H7teuevqVqCuPcPK//3eDrrjQhehXVx9cnkGdw==",
      "dev": true
    },
    "node_modules/scheduler": {
      "version": "0.24.0-rc.2",
      "resolved": "https://registry.npmjs.org/scheduler/-/scheduler-0.24.0-rc.2.tgz",
      "integrity": "sha512-4EbBe1JSv5a3D22h32E52wTon3dgP4BvA/qKfHQfD1oH2y82/gen07k/ePZbVj9cWj2t1k3Ff23/2ODQnF9NCA==",
      "dependencies": {
        "loose-envify": "^1.1.0"
      }
    },
    "node_modules/tailwindcss": {
      "version": "3.4.4",
      "resolved": "https://registry.npmjs.org/tailwindcss/-/tailwindcss-3.4.4.tgz",
      "integrity": "sha512-Q4p2mr/P23d/btj4hLw3iL1E0w8Jb+LwVn544VpLzNJX3y1rEy2CyAlC0cdj/ubP5xl+dG9/y1tXw+w+rQ7oUQ==",
      "dev": true,
      "dependencies": {
        "jiti": "^1.21.0",
        "picocolors": "^1.0.0",
        "postcss": "^8.4.31"
      },
      "bin": {
        "tailwind": "lib/cli.js",
        "tailwindcss": "lib/cli.js"
      },
      "engines": {
        "node": ">=16.14.0"
      }
    },
    "node_modules/typescript": {
      "version": "4.9.5",
      "resolved": "https://registry.npmjs.org/typescript/-/typescript-4.9.5.tgz",
      "integrity": "sha512-1FXk9E2Hm+QzZQ7z+McJiHL4NW1H2Ez+r2KDVJehr_yIz6T5v3/iLo9OBxjNytiaYGRkyCklBCXwksE+4Qz89w==",
      "dev": true,
      "bin": {
        "tsc": "bin/tsc",
        "tsserver": "bin/tsserver"
      },
      "engines": {
        "node": ">=4.2.0"
      }
    },
    "node_modules/universalify": {
      "version": "2.0.1",
      "resolved": "https://registry.npmjs.org/universalify/-/universalify-2.0.1.tgz",
      "integrity": "sha512-gptHNQghINnc/Vz2L3FgbV3PKf4kFdf4XG2w6nF3e4fHMR/6wtrEb2omPAsSNEPmB6sEDsdgI3e421D8W5vVwA==",
      "dev": true,
      "engines": {
        "node": ">= 10.0.0"
      }
    }
  },
  "dependencies": {
    "@babel/runtime": {
      "version": "7.24.7",
      "resolved": "https://registry.npmjs.org/@babel/runtime/-/runtime-7.24.7.tgz",
      "integrity": "sha512-UuxIAD4zV12oRtbs+QW0oFF4aore6Yp9bdxyhLu5iZ2oP+5m7en2dFc0R3y+t1A2/p2Da3e3zmg2rO4bAb2Lcw==",
      "dev": true,
      "requires": {
        "regenerator-runtime": "^0.14.0"
      }
    },
    "@google/genai": {
      "version": "1.29.1",
      "resolved": "https://registry.npmjs.org/@google/genai/-/genai-1.29.1.tgz",
      "integrity": "sha512-Y1K6S8v2D931H4rTjLwK4uIq/wZvKqgE3W7jXl5o1j+B3Xz+nZ2s4Y2+7Z9o4r6v5a7i8g7w8h9w=="
    },
    "@types/prop-types": {
      "version": "15.7.12",
      "resolved": "https://registry.npmjs.org/@types/prop-types/-/prop-types-15.7.12.tgz",
      "integrity": "sha512-5zvhXYS3icfN1wSUF5o3hMSuUP+ZDIN0vB9fep2y39hKmL7GD5I829o7DS2N2lA4Q4AlNDLR2D/G/e62iA8GvA==",
      "dev": true
    },
    "@types/react": {
      "version": "18.3.3",
      "resolved": "https://registry.npmjs.org/@types/react/-/react-18.3.3.tgz",
      "integrity": "sha512-hti/R0pS0q1/xx+TsI73AbQRVoezYlKPSMCY8T2t2j1rED33kXM1x5UB7TBB7DkL7DgyclZ9vG4q4bee2Wz3wA==",
      "dev": true,
      "requires": {
        "@types/prop-types": "*",
        "csstype": "^3.0.2"
      }
    },
    "@types/react-dom": {
      "version": "18.3.0",
      "resolved": "https://registry.npmjs.org/@types/react-dom/-/react-dom-18.3.0.tgz",
      "integrity": "sha512-e8h2vL3UeA41Am4GS/3YVghtl235sD1Pz40EmlHRZUcbsvUA0xV9J/2p3sYDnI21i2c2a2iXVfN2f5NxRk7eNA==",
      "dev": true,
      "requires": {
        "@types/react": "*"
      }
    },
    "@types/scheduler": {
      "version": "0.16.8",
      "resolved": "https://registry.npmjs.org/@types/scheduler/-/scheduler-0.16.8.tgz",
      "integrity": "sha512-EaCx2+i0a9oCU2E2+lj0lF8Y1Q6xZf0b2aSeei9HiCRfT6x0yS4D4wVf9nS2K+xecy/TfLw2/Ed2gI6o2l2/uA==",
      "dev": true
    },
    "async": {
      "version": "3.2.5",
      "resolved": "https://registry.npmjs.org/async/-/async-3.2.5.tgz",
      "integrity": "sha512-23MyH8ooFE9EZsHARNZL109tTNOyeVQgjuf+w8vN/Q2Qv10N/B9tQw2v2+1h39wJXN0Gf27eNOxNWg0NcWvJ9Q==",
      "dev": true
    },
    "commander": {
      "version": "9.5.0",
      "resolved": "https://registry.npmjs.org/commander/-/commander-9.5.0.tgz",
      "integrity": "sha512-KRs743gMimPvcwB2yUdGtm0tClsURPCp92aVTmQy1S5i95nUpA5PcbJa2S/zwUv/u424GfCKFv/s31Qxr0d4Gw==",
      "dev": true
    },
    "csstype": {
      "version": "3.1.3",
      "resolved": "https://registry.npmjs.org/csstype/-/csstype-3.1.3.tgz",
      "integrity": "sha512-M1uQkMl8rQK/szD0LNhtcwDiFAR9L4flg2OMG6xUG2LUf2absSjUfDEeqchNPLC9HCYQY/gHBwKdb2S+sSMLAg==",
      "dev": true
    },
    "fs-extra": {
      "version": "11.2.0",
      "resolved": "https://registry.npmjs.org/fs-extra/-/fs-extra-11.2.0.tgz",
      "integrity": "sha512-PmDi3uwK5eF7sW3pcdgLhonPSLoOVS3O4d3s223a5iLh3QnAb51f4c3Ie/2n3w1dNk2+sIY4AUVvdtc33/PAw==",
      "dev": true,
      "requires": {
        "graceful-fs": "^4.2.0",
        "jsonfile": "^6.0.1",
        "universalify": "^2.0.0"
      }
    },
    "gh-pages": {
      "version": "6.1.1",
      "resolved": "https://registry.npmjs.org/gh-pages/-/gh-pages-6.1.1.tgz",
      "integrity": "sha512-lS3L+Tonsa5m5g+wNkM32Ad1eB6dPOFPd0sj6yeyNeGf1iTzIcsN25kXv2I+M+k+wJzy68032d1v4p0K43j/vQ==",
      "dev": true,
      "requires": {
        "async": "^3.2.5",
        "commander": "^9.5.0",
        "fs-extra": "^11.2.0",
        "glob": "^10.4.1"
      }
    },
    "glob": {
      "version": "10.4.1",
      "resolved": "https://registry.npmjs.org/glob/-/glob-10.4.1.tgz",
      "integrity": "sha512-j20eGPs+cNfVR2eXG2fBhQk0nL0M2dDgtN2u0E34e/o/zVj5I6dI6uWI2sABsIqC9nbqRGH8Wv5zD23k/tS1wQ==",
      "dev": true,
      "requires": {
        "fs.realpath": "^1.0.0",
        "minimatch": "^9.0.4",
        "minipass": "^7.1.1",
        "path-scurry": "^1.11.1"
      }
    },
    "graceful-fs": {
      "version": "4.2.11",
      "resolved": "https://registry.npmjs.org/graceful-fs/-/graceful-fs-4.2.11.tgz",
      "integrity": "sha512-RbJ5/osVdkGSjOY5nHdAUGTTfMa3QL2PyFWk1xO2kpdiohMmMmcsvDijFdes1ASb8FjebWShDNCRo2DP2kLC+Q==",
      "dev": true
    },
    "jsonfile": {
      "version": "6.1.0",
      "resolved": "https://registry.npmjs.org/jsonfile/-/jsonfile-6.1.0.tgz",
      "integrity": "sha512-5dgndWOwsOihYj6IfEUbAueaRrrIoVhglBIvF2HAFd+Z2HwWHQ44n8l+j2OLGis8BuB+P2LAcrMzKwBkJDCw2Q==",
      "dev": true,
      "requires": {
        "universalify": "^2.0.0"
      },
      "optional": true
    },
    "loose-envify": {
      "version": "1.4.0",
      "resolved": "https://registry.npmjs.org/loose-envify/-/loose-envify-1.4.0.tgz",
      "integrity": "sha512-lyuxPGr/Wfhrlem2CL/UcnUc1zcqKAImBDzukY7Y5F/yQiag5zKDbA8ZBIkCiSnne7HSpk CIN/SSaOEk7hBZKA==",
      "requires": {
        "js-tokens": "^3.0.0 || ^4.0.0"
      }
    },
    "minimatch": {
      "version": "9.0.5",
      "resolved": "https://registry.npmjs.org/minimatch/-/minimatch-9.0.5.tgz",
      "integrity": "sha512-LzWHeIO5K5Lsg9l8VxtiTqco2S4KzEu2fOgaB2prv5v5i52n3c2jSgaG0Q9c4i2YY84qADsDRsTz/QEOPi/pzg==",
      "dev": true,
      "requires": {
        "brace-expansion": "^2.0.1"
      },
      "dependencies": {
        "brace-expansion": {
          "version": "2.0.1",
          "resolved": "https://registry.npmjs.org/brace-expansion/-/brace-expansion-2.0.1.tgz",
          "integrity": "sha512-XnAIvQ8eM+kC6aULx6wuQiwVsnzsi9d3WxzV3FpWTGA19F621kwdbsAcFKXgGOWp27JoFV2gwdP7IU5Ze5ug3w==",
          "dev": true,
          "requires": {
            "balanced-match": "^1.0.0"
          },
          "dependencies": {
            "balanced-match": {
              "version": "1.0.2",
              "resolved": "https://registry.npmjs.org/balanced-match/-/balanced-match-1.0.2.tgz",
              "integrity": "sha512-3oSeUO0TMV67hN1AmbXsK4yaqU7tiiYEA71P4vAIENJ1zkvG VZwHbyTC8gAFlfeCvSKreqMsr1k2AVAc4wA9fQ==",
              "dev": true
            }
          }
        }
      }
    },
    "minipass": {
      "version": "7.1.1",
      "resolved": "https://registry.npmjs.org/minipass/-/minipass-7.1.1.tgz",
      "integrity": "sha512-Byfm3f/6T2aIdni96yQ44hY/9b85c1yls7COvB+DIT2nLhZ1/gY2Qc//E8S/WvdfH4bYV2Hj94G7ZAe1W/wlg==",
      "dev": true
    },
    "react": {
      "version": "19.0.0-rc-f994737d14-20240522",
      "resolved": "https://registry.npmjs.org/react/-/react-19.0.0-rc-f994737d14-20240522.tgz",
      "integrity": "sha512-d0sF9YXT5yYDA0W1D/T13r3P26Jb4792gdwkLcgk9PZ3T4z0iRuRz3wZ00n1hJ/7UeRJQ8bC9Kjg4/QMP3d/Q==",
      "requires": {
        "loose-envify": "^1.1.0"
      }
    },
    "react-dom": {
      "version": "19.0.0-rc-f994737d14-20240522",
      "resolved": "https://registry.npmjs.org/react-dom/-/react-dom-19.0.0-rc-f994737d14-20240522.tgz",
      "integrity": "sha512-iFqB89t62kR0Jg2C8eJytN+qEunB1WrfkY3v7X7IdKLg/JqSoiQ/qUweqfN0jQ7qjCFJ6Pzsewb7LC62L+kGjg==",
      "requires": {
        "loose-envify": "^1.1.0",
        "scheduler": "0.24.0-rc.2"
      }
    },
    "react-scripts": {
      "version": "5.0.1",
      "resolved": "https://registry.npmjs.org/react-scripts/-/react-scripts-5.0.1.tgz",
      "integrity": "sha512-FvTB305/0IT3wDzz4PI2eT8Sg8Gzr9gdpWizK3H1p/3lT/s5VAf5JvR+V00Y0iW03fN9gVvIW8QOQzsdTb/ew==",
      "dev": true,
      "requires": {
        "@babel/core": "^7.16.0",
        "@pmmmwh/react-refresh-webpack-plugin": "^0.5.3",
        "@svgr/webpack": "^5.5.0",
        "babel-jest": "^27.4.2",
        "babel-loader": "^8.2.3",
        "babel-plugin-named-asset-import": "^0.3.8",
        "babel-preset-react-app": "^10.0.1",
        "bfj": "^7.0.2",
        "browserslist": "^4.18.1",
        "camelcase": "^6.2.1",
        "case-sensitive-paths-webpack-plugin": "^2.4.0",
        "css-loader": "^6.5.1",
        "css-minimizer-webpack-plugin": "^3.2.0",
        "dotenv": "^10.0.0",
        "dotenv-expand": "^5.1.0",
        "eslint": "^8.3.0",
        "eslint-config-react-app": "^7.0.1",
        "eslint-webpack-plugin": "^3.1.1",
        "file-loader": "^6.2.0",
        "fs-extra": "^10.0.0",
        "html-webpack-plugin": "^5.5.0",
        "identity-obj-proxy": "^3.0.0",
        "jest": "^27.4.3",
        "jest-resolve": "^27.4.2",
        "jest-watch-typeahead": "^1.0.0",
        "mini-css-extract-plugin": "^2.4.5",
        "postcss": "^8.4.4",
        "postcss-flexbugs-fixes": "^5.0.2",
        "postcss-loader": "^6.2.1",
        "postcss-normalize": "^10.0.1",
        "postcss-preset-env": "^7.0.1",
        "prompts": "^2.4.2",
        "react-app-polyfill": "^3.0.0",
        "react-dev-utils": "^12.0.1",
        "react-refresh": "^0.11.0",
        "resolve": "^1.20.0",
        "resolve-url-loader": "^4.0.0",
        "sass-loader": "^12.3.0",
        "semver": "^7.3.5",
        "source-map-loader": "^3.0.0",
        "style-loader": "^3.3.1",
        "tailwindcss": "^3.0.2",
        "terser-webpack-plugin": "^5.2.5",
        "webpack": "^5.64.4",
        "webpack-dev-server": "^4.6.0",
        "webpack-manifest-plugin": "^4.0.2",
        "workbox-webpack-plugin": "^6.4.1",
        "fsevents": "^2.3.2"
      },
      "dependencies": {
        "fs-extra": {
          "version": "10.1.0",
          "resolved": "https://registry.npmjs.org/fs-extra/-/fs-extra-10.1.0.tgz",
          "integrity": "sha512-oRXApq54ETRj4eMiFz9/fRoSEEzHmfcoEqw18woJwKLdPUTEuLp1dNwUpTMpzvSaur/fs2Mg/OpvQ6eLhIiEzQ==",
          "dev": true,
          "requires": {
            "graceful-fs": "^4.2.0",
            "jsonfile": "^6.0.1",
            "universalify": "^2.0.0"
          }
        },
        "tailwindcss": {
          "version": "3.0.24",
          "resolved": "https://registry.npmjs.org/tailwindcss/-/tailwindcss-3.0.24.tgz",
          "integrity": "sha512-1MwxTA2zEHybfo1DAd5Po8cmGB4uX/6c/Bln4/QIf/KhQoHI/Y50dfsT6xLp434L4b8nB7yPUt/3ApO95df5IA==",
          "dev": true,
          "requires": {
            "arg": "^5.0.1",
            "chokidar": "^3.5.3",
            "didyoumean": "^1.2.2",
            "dlv": "^1.1.3",
            "fast-glob": "^3.2.11",
            "glob-parent": "^6.0.2",
            "is-glob": "^4.0.3",
            "lilconfig": "^2.0.5",
            "minimist": "^1.2.6",
            "normalize-path": "^3.0.0",
            "object-hash": "^3.0.0",
            "picocolors": "^1.0.0",
            "postcss": "^8.4.12",
            "postcss-import": "^14.1.0",
            "postcss-js": "^4.0.0",
            "postcss-load-config": "^3.1.4",
            "postcss-nested": "^5.0.6",
            "postcss-selector-parser": "^6.0.10",
            "postcss-value-parser": "^4.2.0",
            "quick-lru": "^5.1.1",
            "resolve": "^1.22.0"
          }
        }
      }
    },
    "regenerator-runtime": {
      "version": "0.14.1",
      "resolved": "https://registry.npmjs.org/regenerator-runtime/-/regenerator-runtime-0.14.1.tgz",
      "integrity": "sha512-dYnhHh0nJoMfnkZs6GmmhFknAGRrLznOu5nc9ML+EJxGvrx6H7teuevqVqCuPcPK//3eDrrjQhehXVx9cnkGdw==",
      "dev": true
    },
    "scheduler": {
      "version": "0.24.0-rc.2",
      "resolved": "https://registry.npmjs.org/scheduler/-/scheduler-0.24.0-rc.2.tgz",
      "integrity": "sha512-4EbBe1JSv5a3D22h32E52wTon3dgP4BvA/qKfHQfD1oH2y82/gen07k/ePZbVj9cWj2t1k3Ff23/2ODQnF9NCA==",
      "requires": {
        "loose-envify": "^1.1.0"
      }
    },
    "tailwindcss": {
      "version": "3.4.4",
      "resolved": "https://registry.npmjs.org/tailwindcss/-/tailwindcss-3.4.4.tgz",
      "integrity": "sha512-Q4p2mr/P23d/btj4hLw3iL1E0w8Jb+LwVn544VpLzNJX3y1rEy2CyAlC0cdj/ubP5xl+dG9/y1tXw+w+rQ7oUQ==",
      "dev": true,
      "requires": {
        "jiti": "^1.21.0",
        "picocolors": "^1.0.0",
        "postcss": "^8.4.31"
      },
      "dependencies": {
        "picocolors": {
          "version": "1.0.1",
          "resolved": "https://registry.npmjs.org/picocolors/-/picocolors-1.0.1.tgz",
          "integrity": "sha512-anP1Z8qwhCfnz6Jwc0po+aww9dO0Oc6W/RrhGD/oB/KACc3O2SL7hupRVA2nq2bnYZhqeP1uCwtEhv9fAWHaXQ==",
          "dev": true
        }
      }
    },
    "typescript": {
      "version": "4.9.5",
      "resolved": "https://registry.npmjs.org/typescript/-/typescript-4.9.5.tgz",
      "integrity": "sha512-1FXk9E2Hm+QzZQ7z+McJiHL4NW1H2Ez+r2KDVJehr_yIz6T5v3/iLo9OBxjNytiaYGRkyCklBCXwksE+4Qz89w==",
      "dev": true
    },
    "universalify": {
      "version": "2.0.1",
      "resolved": "https://registry.npmjs.org/universalify/-/universalify-2.0.1.tgz",
      "integrity": "sha512-gptHNQghINnc/Vz2L3FgbV3PKf4kFdf4XG2w6nF3e4fHMR/6wtrEb2omPAsSNEPmB6sEDsdgI3e421D8W5vVwA==",
      "dev": true
    }
  }
}